
Microsoft Visual Studio Solution File, Format Version 12.00
# Visual Studio Version 17
VisualStudioVersion = 17.11.35312.102
MinimumVisualStudioVersion = 10.0.40219.1
Project("{FAE04EC0-301F-11D3-BF4B-00C04F79EFBC}") = "DominoCS", "DominoCS.csproj", "{FBEB28D5-7D4B-403C-A6A3-D8E1D4F00B3C}"
EndProject
Global
	GlobalSection(SolutionConfigurationPlatforms) = preSolution
		Debug|Any CPU = Debug|Any CPU
		Release|Any CPU = Release|Any CPU
	EndGlobalSection
	GlobalSection(ProjectConfigurationPlatforms) = postSolution
		{FBEB28D5-7D4B-403C-A6A3-D8E1D4F00B3C}.Debug|Any CPU.ActiveCfg = Debug|Any CPU
		{FBEB28D5-7D4B-403C-A6A3-D8E1D4F00B3C}.Debug|Any CPU.Build.0 = Debug|Any CPU
		{FBEB28D5-7D4B-403C-A6A3-D8E1D4F00B3C}.Release|Any CPU.ActiveCfg = Release|Any CPU
		{FBEB28D5-7D4B-403C-A6A3-D8E1D4F00B3C}.Release|Any CPU.Build.0 = Release|Any CPU
	EndGlobalSection
	GlobalSection(SolutionProperties) = preSolution
		HideSolutionNode = FALSE
	EndGlobalSection
	GlobalSection(ExtensibilityGlobals) = postSolution
		SolutionGuid = {5DB0BA39-2FD4-4B6B-9BA5-A1273326A984}
	EndGlobalSection
EndGlobal
